{
  "nodes": {
    "nixpkgs": {
      "locked": {
        "lastModified": 1737878528,
        "narHash": "sha256-rF47e0HNHHREwDXztlFpqZSZt/p9OgpYeQ42LGY3q+w=",
        "owner": "paveloom",
        "repo": "nixpkgs",
        "rev": "52bb370756b9d41b94aab22eee136f278d9ddf57",
        "type": "github"
      },
      "original": {
        "owner": "paveloom",
        "ref": "system",
        "repo": "nixpkgs",
        "type": "github"
      }
    },
    "root": {
      "inputs": {
        "nixpkgs": "nixpkgs"
      }
    }
  },
  "root": "root",
  "version": 7
}
